// !$*UTF8*$!
{
	archiveVersion = 1;
	classes = {
	};
	objectVersion = 55;
	objects = {

/* Begin PBXBuildFile section */
		47197788281217360058BD4A /* GoogleService-Info.plist in Resources */ = {isa = PBXBuildFile; fileRef = 47197787281217360058BD4A /* GoogleService-Info.plist */; };
		4719779C2812215A0058BD4A /* PlayerCardsViewModel.swift in Sources */ = {isa = PBXBuildFile; fileRef = 4719779B2812215A0058BD4A /* PlayerCardsViewModel.swift */; };
		4719779E2812216F0058BD4A /* Player.swift in Sources */ = {isa = PBXBuildFile; fileRef = 4719779D2812216F0058BD4A /* Player.swift */; };
		471977A0281221C50058BD4A /* LargeCardGame.swift in Sources */ = {isa = PBXBuildFile; fileRef = 4719779F281221C50058BD4A /* LargeCardGame.swift */; };
		471977A2281222030058BD4A /* PlayerCardMini.swift in Sources */ = {isa = PBXBuildFile; fileRef = 471977A1281222030058BD4A /* PlayerCardMini.swift */; };
		471977A7281225EB0058BD4A /* PlayerCard.swift in Sources */ = {isa = PBXBuildFile; fileRef = 471977A6281225EB0058BD4A /* PlayerCard.swift */; };
		471977A92812C72C0058BD4A /* NextGameTile.swift in Sources */ = {isa = PBXBuildFile; fileRef = 471977A82812C72C0058BD4A /* NextGameTile.swift */; };
		471977AB2813957F0058BD4A /* GameDayBanner.swift in Sources */ = {isa = PBXBuildFile; fileRef = 471977AA2813957E0058BD4A /* GameDayBanner.swift */; };
		471977AD28139A9C0058BD4A /* Game.swift in Sources */ = {isa = PBXBuildFile; fileRef = 471977AC28139A9C0058BD4A /* Game.swift */; };
		471977AF28139F4F0058BD4A /* GamesViewModel.swift in Sources */ = {isa = PBXBuildFile; fileRef = 471977AE28139F4F0058BD4A /* GamesViewModel.swift */; };
		471977B22818217A0058BD4A /* SDWebImageSwiftUI in Frameworks */ = {isa = PBXBuildFile; productRef = 471977B12818217A0058BD4A /* SDWebImageSwiftUI */; };
		471977B4281848A40058BD4A /* Team.swift in Sources */ = {isa = PBXBuildFile; fileRef = 471977B3281848A40058BD4A /* Team.swift */; };
		4760392C2808FD76003B587C /* CLTFanCApp.swift in Sources */ = {isa = PBXBuildFile; fileRef = 4760392B2808FD76003B587C /* CLTFanCApp.swift */; };
		4760392E2808FD76003B587C /* ContentView.swift in Sources */ = {isa = PBXBuildFile; fileRef = 4760392D2808FD76003B587C /* ContentView.swift */; };
		476039302808FD76003B587C /* Assets.xcassets in Resources */ = {isa = PBXBuildFile; fileRef = 4760392F2808FD76003B587C /* Assets.xcassets */; };
		476039332808FD76003B587C /* Preview Assets.xcassets in Resources */ = {isa = PBXBuildFile; fileRef = 476039322808FD76003B587C /* Preview Assets.xcassets */; };
		4764C293281AB4540058F462 /* SquadView.swift in Sources */ = {isa = PBXBuildFile; fileRef = 4764C292281AB4540058F462 /* SquadView.swift */; };
		478E887528260C3200A9F796 /* FirebaseAuth in Frameworks */ = {isa = PBXBuildFile; productRef = 478E887428260C3200A9F796 /* FirebaseAuth */; };
		478E887728260C3200A9F796 /* FirebaseFirestore in Frameworks */ = {isa = PBXBuildFile; productRef = 478E887628260C3200A9F796 /* FirebaseFirestore */; };
		478E887928260C3200A9F796 /* FirebaseFirestoreCombine-Community in Frameworks */ = {isa = PBXBuildFile; productRef = 478E887828260C3200A9F796 /* FirebaseFirestoreCombine-Community */; };
		478E887D28260C3200A9F796 /* FirebaseStorage in Frameworks */ = {isa = PBXBuildFile; productRef = 478E887C28260C3200A9F796 /* FirebaseStorage */; };
		478E887F28260C3200A9F796 /* FirebaseStorageCombine-Community in Frameworks */ = {isa = PBXBuildFile; productRef = 478E887E28260C3200A9F796 /* FirebaseStorageCombine-Community */; };
		478E888428260D0500A9F796 /* FirebaseFirestoreSwift in Frameworks */ = {isa = PBXBuildFile; productRef = 478E888328260D0500A9F796 /* FirebaseFirestoreSwift */; };
		47FE611B280E35BF00620DEC /* Albertus Nova Bold.otf in Resources */ = {isa = PBXBuildFile; fileRef = 47FE611A280E35BF00620DEC /* Albertus Nova Bold.otf */; };
/* End PBXBuildFile section */

/* Begin PBXFileReference section */
		47197787281217360058BD4A /* GoogleService-Info.plist */ = {isa = PBXFileReference; fileEncoding = 4; lastKnownFileType = text.plist.xml; name = "GoogleService-Info.plist"; path = "../GoogleService-Info.plist"; sourceTree = "<group>"; };
		4719779B2812215A0058BD4A /* PlayerCardsViewModel.swift */ = {isa = PBXFileReference; lastKnownFileType = sourcecode.swift; path = PlayerCardsViewModel.swift; sourceTree = "<group>"; };
		4719779D2812216F0058BD4A /* Player.swift */ = {isa = PBXFileReference; lastKnownFileType = sourcecode.swift; path = Player.swift; sourceTree = "<group>"; };
		4719779F281221C50058BD4A /* LargeCardGame.swift */ = {isa = PBXFileReference; lastKnownFileType = sourcecode.swift; path = LargeCardGame.swift; sourceTree = "<group>"; };
		471977A1281222030058BD4A /* PlayerCardMini.swift */ = {isa = PBXFileReference; lastKnownFileType = sourcecode.swift; path = PlayerCardMini.swift; sourceTree = "<group>"; };
		471977A6281225EB0058BD4A /* PlayerCard.swift */ = {isa = PBXFileReference; lastKnownFileType = sourcecode.swift; path = PlayerCard.swift; sourceTree = "<group>"; };
		471977A82812C72C0058BD4A /* NextGameTile.swift */ = {isa = PBXFileReference; lastKnownFileType = sourcecode.swift; path = NextGameTile.swift; sourceTree = "<group>"; };
		471977AA2813957E0058BD4A /* GameDayBanner.swift */ = {isa = PBXFileReference; lastKnownFileType = sourcecode.swift; path = GameDayBanner.swift; sourceTree = "<group>"; };
		471977AC28139A9C0058BD4A /* Game.swift */ = {isa = PBXFileReference; lastKnownFileType = sourcecode.swift; path = Game.swift; sourceTree = "<group>"; };
		471977AE28139F4F0058BD4A /* GamesViewModel.swift */ = {isa = PBXFileReference; lastKnownFileType = sourcecode.swift; path = GamesViewModel.swift; sourceTree = "<group>"; };
		471977B3281848A40058BD4A /* Team.swift */ = {isa = PBXFileReference; lastKnownFileType = sourcecode.swift; path = Team.swift; sourceTree = "<group>"; };
		476039282808FD76003B587C /* CLTFanC.app */ = {isa = PBXFileReference; explicitFileType = wrapper.application; includeInIndex = 0; path = CLTFanC.app; sourceTree = BUILT_PRODUCTS_DIR; };
		4760392B2808FD76003B587C /* CLTFanCApp.swift */ = {isa = PBXFileReference; lastKnownFileType = sourcecode.swift; path = CLTFanCApp.swift; sourceTree = "<group>"; };
		4760392D2808FD76003B587C /* ContentView.swift */ = {isa = PBXFileReference; lastKnownFileType = sourcecode.swift; path = ContentView.swift; sourceTree = "<group>"; };
		4760392F2808FD76003B587C /* Assets.xcassets */ = {isa = PBXFileReference; lastKnownFileType = folder.assetcatalog; path = Assets.xcassets; sourceTree = "<group>"; };
		476039322808FD76003B587C /* Preview Assets.xcassets */ = {isa = PBXFileReference; lastKnownFileType = folder.assetcatalog; path = "Preview Assets.xcassets"; sourceTree = "<group>"; };
		4764C292281AB4540058F462 /* SquadView.swift */ = {isa = PBXFileReference; lastKnownFileType = sourcecode.swift; path = SquadView.swift; sourceTree = "<group>"; };
		47FE611A280E35BF00620DEC /* Albertus Nova Bold.otf */ = {isa = PBXFileReference; lastKnownFileType = file; path = "Albertus Nova Bold.otf"; sourceTree = "<group>"; };
		47FE611C280E35E800620DEC /* Info.plist */ = {isa = PBXFileReference; lastKnownFileType = text.plist; path = Info.plist; sourceTree = "<group>"; };
/* End PBXFileReference section */

/* Begin PBXFrameworksBuildPhase section */
		476039252808FD76003B587C /* Frameworks */ = {
			isa = PBXFrameworksBuildPhase;
			buildActionMask = 2147483647;
			files = (
				478E887528260C3200A9F796 /* FirebaseAuth in Frameworks */,
				471977B22818217A0058BD4A /* SDWebImageSwiftUI in Frameworks */,
				478E887F28260C3200A9F796 /* FirebaseStorageCombine-Community in Frameworks */,
				478E887928260C3200A9F796 /* FirebaseFirestoreCombine-Community in Frameworks */,
				478E887D28260C3200A9F796 /* FirebaseStorage in Frameworks */,
				478E887728260C3200A9F796 /* FirebaseFirestore in Frameworks */,
				478E888428260D0500A9F796 /* FirebaseFirestoreSwift in Frameworks */,
			);
			runOnlyForDeploymentPostprocessing = 0;
		};
/* End PBXFrameworksBuildPhase section */

/* Begin PBXGroup section */
		471977A3281222D10058BD4A /* Views */ = {
			isa = PBXGroup;
			children = (
				4764C292281AB4540058F462 /* SquadView.swift */,
				471977A1281222030058BD4A /* PlayerCardMini.swift */,
				471977AA2813957E0058BD4A /* GameDayBanner.swift */,
				471977A82812C72C0058BD4A /* NextGameTile.swift */,
				4719779F281221C50058BD4A /* LargeCardGame.swift */,
				471977A6281225EB0058BD4A /* PlayerCard.swift */,
			);
			path = Views;
			sourceTree = "<group>";
		};
		471977A4281225790058BD4A /* Models */ = {
			isa = PBXGroup;
			children = (
				4719779D2812216F0058BD4A /* Player.swift */,
				471977AC28139A9C0058BD4A /* Game.swift */,
				471977B3281848A40058BD4A /* Team.swift */,
			);
			path = Models;
			sourceTree = "<group>";
		};
		471977A5281225800058BD4A /* ViewModels */ = {
			isa = PBXGroup;
			children = (
				4719779B2812215A0058BD4A /* PlayerCardsViewModel.swift */,
				471977AE28139F4F0058BD4A /* GamesViewModel.swift */,
			);
			path = ViewModels;
			sourceTree = "<group>";
		};
		4760391F2808FD76003B587C = {
			isa = PBXGroup;
			children = (
				4760392A2808FD76003B587C /* CLTFanC */,
				476039292808FD76003B587C /* Products */,
				478E888228260D0500A9F796 /* Frameworks */,
			);
			sourceTree = "<group>";
		};
		476039292808FD76003B587C /* Products */ = {
			isa = PBXGroup;
			children = (
				476039282808FD76003B587C /* CLTFanC.app */,
			);
			name = Products;
			sourceTree = "<group>";
		};
		4760392A2808FD76003B587C /* CLTFanC */ = {
			isa = PBXGroup;
			children = (
				4760392B2808FD76003B587C /* CLTFanCApp.swift */,
				4760392D2808FD76003B587C /* ContentView.swift */,
				471977A5281225800058BD4A /* ViewModels */,
				471977A4281225790058BD4A /* Models */,
				471977A3281222D10058BD4A /* Views */,
				47FE611C280E35E800620DEC /* Info.plist */,
				47197787281217360058BD4A /* GoogleService-Info.plist */,
				47FE6119280E35A000620DEC /* Font */,
				4760392F2808FD76003B587C /* Assets.xcassets */,
				476039312808FD76003B587C /* Preview Content */,
			);
			path = CLTFanC;
			sourceTree = "<group>";
		};
		476039312808FD76003B587C /* Preview Content */ = {
			isa = PBXGroup;
			children = (
				476039322808FD76003B587C /* Preview Assets.xcassets */,
			);
			path = "Preview Content";
			sourceTree = "<group>";
		};
		478E888228260D0500A9F796 /* Frameworks */ = {
			isa = PBXGroup;
			children = (
			);
			name = Frameworks;
			sourceTree = "<group>";
		};
		47FE6119280E35A000620DEC /* Font */ = {
			isa = PBXGroup;
			children = (
				47FE611A280E35BF00620DEC /* Albertus Nova Bold.otf */,
			);
			path = Font;
			sourceTree = "<group>";
		};
/* End PBXGroup section */

/* Begin PBXNativeTarget section */
		476039272808FD76003B587C /* CLTFanC */ = {
			isa = PBXNativeTarget;
			buildConfigurationList = 476039362808FD76003B587C /* Build configuration list for PBXNativeTarget "CLTFanC" */;
			buildPhases = (
				476039242808FD76003B587C /* Sources */,
				476039252808FD76003B587C /* Frameworks */,
				476039262808FD76003B587C /* Resources */,
			);
			buildRules = (
			);
			dependencies = (
			);
			name = CLTFanC;
			packageProductDependencies = (
				471977B12818217A0058BD4A /* SDWebImageSwiftUI */,
				478E887428260C3200A9F796 /* FirebaseAuth */,
				478E887628260C3200A9F796 /* FirebaseFirestore */,
				478E887828260C3200A9F796 /* FirebaseFirestoreCombine-Community */,
				478E887C28260C3200A9F796 /* FirebaseStorage */,
				478E887E28260C3200A9F796 /* FirebaseStorageCombine-Community */,
				478E888328260D0500A9F796 /* FirebaseFirestoreSwift */,
			);
			productName = CLTFanC;
			productReference = 476039282808FD76003B587C /* CLTFanC.app */;
			productType = "com.apple.product-type.application";
		};
/* End PBXNativeTarget section */

/* Begin PBXProject section */
		476039202808FD76003B587C /* Project object */ = {
			isa = PBXProject;
			attributes = {
				BuildIndependentTargetsInParallel = 1;
				LastSwiftUpdateCheck = 1320;
				LastUpgradeCheck = 1320;
				TargetAttributes = {
					476039272808FD76003B587C = {
						CreatedOnToolsVersion = 13.2.1;
					};
				};
			};
			buildConfigurationList = 476039232808FD76003B587C /* Build configuration list for PBXProject "CLTFanC" */;
			compatibilityVersion = "Xcode 13.0";
			developmentRegion = en;
			hasScannedForEncodings = 0;
			knownRegions = (
				en,
				Base,
			);
			mainGroup = 4760391F2808FD76003B587C;
			packageReferences = (
				471977B0281821790058BD4A /* XCRemoteSwiftPackageReference "SDWebImageSwiftUI" */,
				478E887328260C3200A9F796 /* XCRemoteSwiftPackageReference "firebase-ios-sdk" */,
			);
			productRefGroup = 476039292808FD76003B587C /* Products */;
			projectDirPath = "";
			projectRoot = "";
			targets = (
				476039272808FD76003B587C /* CLTFanC */,
			);
		};
/* End PBXProject section */

/* Begin PBXResourcesBuildPhase section */
		476039262808FD76003B587C /* Resources */ = {
			isa = PBXResourcesBuildPhase;
			buildActionMask = 2147483647;
			files = (
				47FE611B280E35BF00620DEC /* Albertus Nova Bold.otf in Resources */,
				47197788281217360058BD4A /* GoogleService-Info.plist in Resources */,
				476039332808FD76003B587C /* Preview Assets.xcassets in Resources */,
				476039302808FD76003B587C /* Assets.xcassets in Resources */,
			);
			runOnlyForDeploymentPostprocessing = 0;
		};
/* End PBXResourcesBuildPhase section */

/* Begin PBXSourcesBuildPhase section */
		476039242808FD76003B587C /* Sources */ = {
			isa = PBXSourcesBuildPhase;
			buildActionMask = 2147483647;
			files = (
				471977B4281848A40058BD4A /* Team.swift in Sources */,
				471977AB2813957F0058BD4A /* GameDayBanner.swift in Sources */,
				4764C293281AB4540058F462 /* SquadView.swift in Sources */,
				471977AD28139A9C0058BD4A /* Game.swift in Sources */,
				471977A0281221C50058BD4A /* LargeCardGame.swift in Sources */,
				471977A2281222030058BD4A /* PlayerCardMini.swift in Sources */,
				4719779E2812216F0058BD4A /* Player.swift in Sources */,
				471977AF28139F4F0058BD4A /* GamesViewModel.swift in Sources */,
				4760392E2808FD76003B587C /* ContentView.swift in Sources */,
				471977A92812C72C0058BD4A /* NextGameTile.swift in Sources */,
				4760392C2808FD76003B587C /* CLTFanCApp.swift in Sources */,
				471977A7281225EB0058BD4A /* PlayerCard.swift in Sources */,
				4719779C2812215A0058BD4A /* PlayerCardsViewModel.swift in Sources */,
			);
			runOnlyForDeploymentPostprocessing = 0;
		};
/* End PBXSourcesBuildPhase section */

/* Begin XCBuildConfiguration section */
		476039342808FD76003B587C /* Debug */ = {
			isa = XCBuildConfiguration;
			buildSettings = {
				ALWAYS_SEARCH_USER_PATHS = NO;
				CLANG_ANALYZER_NONNULL = YES;
				CLANG_ANALYZER_NUMBER_OBJECT_CONVERSION = YES_AGGRESSIVE;
				CLANG_CXX_LANGUAGE_STANDARD = "gnu++17";
				CLANG_CXX_LIBRARY = "libc++";
				CLANG_ENABLE_MODULES = YES;
				CLANG_ENABLE_OBJC_ARC = YES;
				CLANG_ENABLE_OBJC_WEAK = YES;
				CLANG_WARN_BLOCK_CAPTURE_AUTORELEASING = YES;
				CLANG_WARN_BOOL_CONVERSION = YES;
				CLANG_WARN_COMMA = YES;
				CLANG_WARN_CONSTANT_CONVERSION = YES;
				CLANG_WARN_DEPRECATED_OBJC_IMPLEMENTATIONS = YES;
				CLANG_WARN_DIRECT_OBJC_ISA_USAGE = YES_ERROR;
				CLANG_WARN_DOCUMENTATION_COMMENTS = YES;
				CLANG_WARN_EMPTY_BODY = YES;
				CLANG_WARN_ENUM_CONVERSION = YES;
				CLANG_WARN_INFINITE_RECURSION = YES;
				CLANG_WARN_INT_CONVERSION = YES;
				CLANG_WARN_NON_LITERAL_NULL_CONVERSION = YES;
				CLANG_WARN_OBJC_IMPLICIT_RETAIN_SELF = YES;
				CLANG_WARN_OBJC_LITERAL_CONVERSION = YES;
				CLANG_WARN_OBJC_ROOT_CLASS = YES_ERROR;
				CLANG_WARN_QUOTED_INCLUDE_IN_FRAMEWORK_HEADER = YES;
				CLANG_WARN_RANGE_LOOP_ANALYSIS = YES;
				CLANG_WARN_STRICT_PROTOTYPES = YES;
				CLANG_WARN_SUSPICIOUS_MOVE = YES;
				CLANG_WARN_UNGUARDED_AVAILABILITY = YES_AGGRESSIVE;
				CLANG_WARN_UNREACHABLE_CODE = YES;
				CLANG_WARN__DUPLICATE_METHOD_MATCH = YES;
				COPY_PHASE_STRIP = NO;
				DEBUG_INFORMATION_FORMAT = dwarf;
				ENABLE_STRICT_OBJC_MSGSEND = YES;
				ENABLE_TESTABILITY = YES;
				GCC_C_LANGUAGE_STANDARD = gnu11;
				GCC_DYNAMIC_NO_PIC = NO;
				GCC_NO_COMMON_BLOCKS = YES;
				GCC_OPTIMIZATION_LEVEL = 0;
				GCC_PREPROCESSOR_DEFINITIONS = (
					"DEBUG=1",
					"$(inherited)",
				);
				GCC_WARN_64_TO_32_BIT_CONVERSION = YES;
				GCC_WARN_ABOUT_RETURN_TYPE = YES_ERROR;
				GCC_WARN_UNDECLARED_SELECTOR = YES;
				GCC_WARN_UNINITIALIZED_AUTOS = YES_AGGRESSIVE;
				GCC_WARN_UNUSED_FUNCTION = YES;
				GCC_WARN_UNUSED_VARIABLE = YES;
				IPHONEOS_DEPLOYMENT_TARGET = 15.2;
				MTL_ENABLE_DEBUG_INFO = INCLUDE_SOURCE;
				MTL_FAST_MATH = YES;
				ONLY_ACTIVE_ARCH = YES;
				SDKROOT = iphoneos;
				SWIFT_ACTIVE_COMPILATION_CONDITIONS = DEBUG;
				SWIFT_OPTIMIZATION_LEVEL = "-Onone";
			};
			name = Debug;
		};
		476039352808FD76003B587C /* Release */ = {
			isa = XCBuildConfiguration;
			buildSettings = {
				ALWAYS_SEARCH_USER_PATHS = NO;
				CLANG_ANALYZER_NONNULL = YES;
				CLANG_ANALYZER_NUMBER_OBJECT_CONVERSION = YES_AGGRESSIVE;
				CLANG_CXX_LANGUAGE_STANDARD = "gnu++17";
				CLANG_CXX_LIBRARY = "libc++";
				CLANG_ENABLE_MODULES = YES;
				CLANG_ENABLE_OBJC_ARC = YES;
				CLANG_ENABLE_OBJC_WEAK = YES;
				CLANG_WARN_BLOCK_CAPTURE_AUTORELEASING = YES;
				CLANG_WARN_BOOL_CONVERSION = YES;
				CLANG_WARN_COMMA = YES;
				CLANG_WARN_CONSTANT_CONVERSION = YES;
				CLANG_WARN_DEPRECATED_OBJC_IMPLEMENTATIONS = YES;
				CLANG_WARN_DIRECT_OBJC_ISA_USAGE = YES_ERROR;
				CLANG_WARN_DOCUMENTATION_COMMENTS = YES;
				CLANG_WARN_EMPTY_BODY = YES;
				CLANG_WARN_ENUM_CONVERSION = YES;
				CLANG_WARN_INFINITE_RECURSION = YES;
				CLANG_WARN_INT_CONVERSION = YES;
				CLANG_WARN_NON_LITERAL_NULL_CONVERSION = YES;
				CLANG_WARN_OBJC_IMPLICIT_RETAIN_SELF = YES;
				CLANG_WARN_OBJC_LITERAL_CONVERSION = YES;
				CLANG_WARN_OBJC_ROOT_CLASS = YES_ERROR;
				CLANG_WARN_QUOTED_INCLUDE_IN_FRAMEWORK_HEADER = YES;
				CLANG_WARN_RANGE_LOOP_ANALYSIS = YES;
				CLANG_WARN_STRICT_PROTOTYPES = YES;
				CLANG_WARN_SUSPICIOUS_MOVE = YES;
				CLANG_WARN_UNGUARDED_AVAILABILITY = YES_AGGRESSIVE;
				CLANG_WARN_UNREACHABLE_CODE = YES;
				CLANG_WARN__DUPLICATE_METHOD_MATCH = YES;
				COPY_PHASE_STRIP = NO;
				DEBUG_INFORMATION_FORMAT = "dwarf-with-dsym";
				ENABLE_NS_ASSERTIONS = NO;
				ENABLE_STRICT_OBJC_MSGSEND = YES;
				GCC_C_LANGUAGE_STANDARD = gnu11;
				GCC_NO_COMMON_BLOCKS = YES;
				GCC_WARN_64_TO_32_BIT_CONVERSION = YES;
				GCC_WARN_ABOUT_RETURN_TYPE = YES_ERROR;
				GCC_WARN_UNDECLARED_SELECTOR = YES;
				GCC_WARN_UNINITIALIZED_AUTOS = YES_AGGRESSIVE;
				GCC_WARN_UNUSED_FUNCTION = YES;
				GCC_WARN_UNUSED_VARIABLE = YES;
				IPHONEOS_DEPLOYMENT_TARGET = 15.2;
				MTL_ENABLE_DEBUG_INFO = NO;
				MTL_FAST_MATH = YES;
				SDKROOT = iphoneos;
				SWIFT_COMPILATION_MODE = wholemodule;
				SWIFT_OPTIMIZATION_LEVEL = "-O";
				VALIDATE_PRODUCT = YES;
			};
			name = Release;
		};
		476039372808FD76003B587C /* Debug */ = {
			isa = XCBuildConfiguration;
			buildSettings = {
				ASSETCATALOG_COMPILER_APPICON_NAME = AppIcon;
				ASSETCATALOG_COMPILER_GLOBAL_ACCENT_COLOR_NAME = AccentColor;
				CODE_SIGN_STYLE = Automatic;
				CURRENT_PROJECT_VERSION = 1;
				DEVELOPMENT_ASSET_PATHS = "\"CLTFanC/Preview Content\"";
				DEVELOPMENT_TEAM = 37M9WYPH3S;
				ENABLE_PREVIEWS = YES;
				GENERATE_INFOPLIST_FILE = YES;
				INFOPLIST_FILE = CLTFanC/Info.plist;
				INFOPLIST_KEY_UIApplicationSceneManifest_Generation = YES;
				INFOPLIST_KEY_UIApplicationSupportsIndirectInputEvents = YES;
				INFOPLIST_KEY_UILaunchScreen_Generation = YES;
				INFOPLIST_KEY_UISupportedInterfaceOrientations = UIInterfaceOrientationPortrait;
				INFOPLIST_KEY_UISupportedInterfaceOrientations_iPad = "UIInterfaceOrientationPortrait UIInterfaceOrientationPortraitUpsideDown UIInterfaceOrientationLandscapeLeft UIInterfaceOrientationLandscapeRight";
				INFOPLIST_KEY_UISupportedInterfaceOrientations_iPhone = "UIInterfaceOrientationPortrait UIInterfaceOrientationLandscapeLeft UIInterfaceOrientationLandscapeRight";
				LD_RUNPATH_SEARCH_PATHS = (
					"$(inherited)",
					"@executable_path/Frameworks",
				);
				MARKETING_VERSION = 1.0;
				PRODUCT_BUNDLE_IDENTIFIER = "com.carlos-delcarpio.CLTFanC";
				PRODUCT_NAME = "$(TARGET_NAME)";
				SWIFT_EMIT_LOC_STRINGS = YES;
				SWIFT_VERSION = 5.0;
				TARGETED_DEVICE_FAMILY = "1,2";
			};
			name = Debug;
		};
		476039382808FD76003B587C /* Release */ = {
			isa = XCBuildConfiguration;
			buildSettings = {
				ASSETCATALOG_COMPILER_APPICON_NAME = AppIcon;
				ASSETCATALOG_COMPILER_GLOBAL_ACCENT_COLOR_NAME = AccentColor;
				CODE_SIGN_STYLE = Automatic;
				CURRENT_PROJECT_VERSION = 1;
				DEVELOPMENT_ASSET_PATHS = "\"CLTFanC/Preview Content\"";
				DEVELOPMENT_TEAM = 37M9WYPH3S;
				ENABLE_PREVIEWS = YES;
				GENERATE_INFOPLIST_FILE = YES;
				INFOPLIST_FILE = CLTFanC/Info.plist;
				INFOPLIST_KEY_UIApplicationSceneManifest_Generation = YES;
				INFOPLIST_KEY_UIApplicationSupportsIndirectInputEvents = YES;
				INFOPLIST_KEY_UILaunchScreen_Generation = YES;
				INFOPLIST_KEY_UISupportedInterfaceOrientations = UIInterfaceOrientationPortrait;
				INFOPLIST_KEY_UISupportedInterfaceOrientations_iPad = "UIInterfaceOrientationPortrait UIInterfaceOrientationPortraitUpsideDown UIInterfaceOrientationLandscapeLeft UIInterfaceOrientationLandscapeRight";
				INFOPLIST_KEY_UISupportedInterfaceOrientations_iPhone = "UIInterfaceOrientationPortrait UIInterfaceOrientationLandscapeLeft UIInterfaceOrientationLandscapeRight";
				LD_RUNPATH_SEARCH_PATHS = (
					"$(inherited)",
					"@executable_path/Frameworks",
				);
				MARKETING_VERSION = 1.0;
				PRODUCT_BUNDLE_IDENTIFIER = "com.carlos-delcarpio.CLTFanC";
				PRODUCT_NAME = "$(TARGET_NAME)";
				SWIFT_EMIT_LOC_STRINGS = YES;
				SWIFT_VERSION = 5.0;
				TARGETED_DEVICE_FAMILY = "1,2";
			};
			name = Release;
		};
/* End XCBuildConfiguration section */

/* Begin XCConfigurationList section */
		476039232808FD76003B587C /* Build configuration list for PBXProject "CLTFanC" */ = {
			isa = XCConfigurationList;
			buildConfigurations = (
				476039342808FD76003B587C /* Debug */,
				476039352808FD76003B587C /* Release */,
			);
			defaultConfigurationIsVisible = 0;
			defaultConfigurationName = Release;
		};
		476039362808FD76003B587C /* Build configuration list for PBXNativeTarget "CLTFanC" */ = {
			isa = XCConfigurationList;
			buildConfigurations = (
				476039372808FD76003B587C /* Debug */,
				476039382808FD76003B587C /* Release */,
			);
			defaultConfigurationIsVisible = 0;
			defaultConfigurationName = Release;
		};
/* End XCConfigurationList section */

/* Begin XCRemoteSwiftPackageReference section */
		471977B0281821790058BD4A /* XCRemoteSwiftPackageReference "SDWebImageSwiftUI" */ = {
			isa = XCRemoteSwiftPackageReference;
			repositoryURL = "https://github.com/SDWebImage/SDWebImageSwiftUI";
			requirement = {
				kind = upToNextMajorVersion;
				minimumVersion = 2.0.0;
			};
		};
		478E887328260C3200A9F796 /* XCRemoteSwiftPackageReference "firebase-ios-sdk" */ = {
			isa = XCRemoteSwiftPackageReference;
			repositoryURL = "https://github.com/firebase/firebase-ios-sdk.git";
			requirement = {
				kind = upToNextMajorVersion;
				minimumVersion = 9.0.0;
			};
		};
/* End XCRemoteSwiftPackageReference section */

/* Begin XCSwiftPackageProductDependency section */
		471977B12818217A0058BD4A /* SDWebImageSwiftUI */ = {
			isa = XCSwiftPackageProductDependency;
			package = 471977B0281821790058BD4A /* XCRemoteSwiftPackageReference "SDWebImageSwiftUI" */;
			productName = SDWebImageSwiftUI;
		};
		478E887428260C3200A9F796 /* FirebaseAuth */ = {
			isa = XCSwiftPackageProductDependency;
			package = 478E887328260C3200A9F796 /* XCRemoteSwiftPackageReference "firebase-ios-sdk" */;
			productName = FirebaseAuth;
		};
		478E887628260C3200A9F796 /* FirebaseFirestore */ = {
			isa = XCSwiftPackageProductDependency;
			package = 478E887328260C3200A9F796 /* XCRemoteSwiftPackageReference "firebase-ios-sdk" */;
			productName = FirebaseFirestore;
		};
		478E887828260C3200A9F796 /* FirebaseFirestoreCombine-Community */ = {
			isa = XCSwiftPackageProductDependency;
			package = 478E887328260C3200A9F796 /* XCRemoteSwiftPackageReference "firebase-ios-sdk" */;
			productName = "FirebaseFirestoreCombine-Community";
		};
		478E887C28260C3200A9F796 /* FirebaseStorage */ = {
			isa = XCSwiftPackageProductDependency;
			package = 478E887328260C3200A9F796 /* XCRemoteSwiftPackageReference "firebase-ios-sdk" */;
			productName = FirebaseStorage;
		};
		478E887E28260C3200A9F796 /* FirebaseStorageCombine-Community */ = {
			isa = XCSwiftPackageProductDependency;
			package = 478E887328260C3200A9F796 /* XCRemoteSwiftPackageReference "firebase-ios-sdk" */;
			productName = "FirebaseStorageCombine-Community";
		};
		478E888328260D0500A9F796 /* FirebaseFirestoreSwift */ = {
			isa = XCSwiftPackageProductDependency;
			package = 478E887328260C3200A9F796 /* XCRemoteSwiftPackageReference "firebase-ios-sdk" */;
			productName = FirebaseFirestoreSwift;
		};
/* End XCSwiftPackageProductDependency section */
	};
	rootObject = 476039202808FD76003B587C /* Project object */;
}
